
Microsoft Visual Studio Solution File, Format Version 12.00
# Visual Studio Version 16
VisualStudioVersion = 16.0.31112.23
MinimumVisualStudioVersion = 10.0.40219.1
Project("{FAE04EC0-301F-11D3-BF4B-00C04F79EFBC}") = "Proje.Web", "Proje.Web\Proje.Web.csproj", "{6A88786C-AEEE-4ECB-A8DB-EAF1E8F8BEE3}"
EndProject
Project("{FAE04EC0-301F-11D3-BF4B-00C04F79EFBC}") = "Proje.DataAccess", "Proje.DataAccess\Proje.DataAccess.csproj", "{9BCCA673-ADD4-462E-BA77-473B6ECB3D0C}"
EndProject
Project("{FAE04EC0-301F-11D3-BF4B-00C04F79EFBC}") = "Proje.Business", "Proje.Business\Proje.Business.csproj", "{8ABBC220-9E61-4FBB-8727-892025080266}"
EndProject
Global
	GlobalSection(SolutionConfigurationPlatforms) = preSolution
		Debug|Any CPU = Debug|Any CPU
		Release|Any CPU = Release|Any CPU
	EndGlobalSection
	GlobalSection(ProjectConfigurationPlatforms) = postSolution
		{6A88786C-AEEE-4ECB-A8DB-EAF1E8F8BEE3}.Debug|Any CPU.ActiveCfg = Debug|Any CPU
		{6A88786C-AEEE-4ECB-A8DB-EAF1E8F8BEE3}.Debug|Any CPU.Build.0 = Debug|Any CPU
		{6A88786C-AEEE-4ECB-A8DB-EAF1E8F8BEE3}.Release|Any CPU.ActiveCfg = Release|Any CPU
		{6A88786C-AEEE-4ECB-A8DB-EAF1E8F8BEE3}.Release|Any CPU.Build.0 = Release|Any CPU
		{9BCCA673-ADD4-462E-BA77-473B6ECB3D0C}.Debug|Any CPU.ActiveCfg = Debug|Any CPU
		{9BCCA673-ADD4-462E-BA77-473B6ECB3D0C}.Debug|Any CPU.Build.0 = Debug|Any CPU
		{9BCCA673-ADD4-462E-BA77-473B6ECB3D0C}.Release|Any CPU.ActiveCfg = Release|Any CPU
		{9BCCA673-ADD4-462E-BA77-473B6ECB3D0C}.Release|Any CPU.Build.0 = Release|Any CPU
		{8ABBC220-9E61-4FBB-8727-892025080266}.Debug|Any CPU.ActiveCfg = Debug|Any CPU
		{8ABBC220-9E61-4FBB-8727-892025080266}.Debug|Any CPU.Build.0 = Debug|Any CPU
		{8ABBC220-9E61-4FBB-8727-892025080266}.Release|Any CPU.ActiveCfg = Release|Any CPU
		{8ABBC220-9E61-4FBB-8727-892025080266}.Release|Any CPU.Build.0 = Release|Any CPU
	EndGlobalSection
	GlobalSection(SolutionProperties) = preSolution
		HideSolutionNode = FALSE
	EndGlobalSection
	GlobalSection(ExtensibilityGlobals) = postSolution
		SolutionGuid = {B82FB624-DDB4-4139-9026-6C2E4A29AF4B}
	EndGlobalSection
EndGlobal
